
Microsoft Visual Studio Solution File, Format Version 12.00
# Visual Studio 15
VisualStudioVersion = 15.0.26730.16
MinimumVisualStudioVersion = 10.0.40219.1
Project("{FAE04EC0-301F-11D3-BF4B-00C04F79EFBC}") = "BasicTimeTracker", "BasicTimeTracker\BasicTimeTracker.csproj", "{547C1E52-DA05-4D2E-9D1B-2CB73B3C0222}"
EndProject
Project("{FAE04EC0-301F-11D3-BF4B-00C04F79EFBC}") = "BasicTimeTrackerTest", "BasicTimeTrackerTest\BasicTimeTrackerTest.csproj", "{EC6D545A-4D55-43E2-8046-B06E1832A355}"
EndProject
Global
	GlobalSection(SolutionConfigurationPlatforms) = preSolution
		Debug|Any CPU = Debug|Any CPU
		Debug|x86 = Debug|x86
		Release|Any CPU = Release|Any CPU
		Release|x86 = Release|x86
	EndGlobalSection
	GlobalSection(ProjectConfigurationPlatforms) = postSolution
		{547C1E52-DA05-4D2E-9D1B-2CB73B3C0222}.Debug|Any CPU.ActiveCfg = Debug|Any CPU
		{547C1E52-DA05-4D2E-9D1B-2CB73B3C0222}.Debug|Any CPU.Build.0 = Debug|Any CPU
		{547C1E52-DA05-4D2E-9D1B-2CB73B3C0222}.Debug|x86.ActiveCfg = Debug|x86
		{547C1E52-DA05-4D2E-9D1B-2CB73B3C0222}.Debug|x86.Build.0 = Debug|x86
		{547C1E52-DA05-4D2E-9D1B-2CB73B3C0222}.Release|Any CPU.ActiveCfg = Release|Any CPU
		{547C1E52-DA05-4D2E-9D1B-2CB73B3C0222}.Release|Any CPU.Build.0 = Release|Any CPU
		{547C1E52-DA05-4D2E-9D1B-2CB73B3C0222}.Release|x86.ActiveCfg = Release|x86
		{547C1E52-DA05-4D2E-9D1B-2CB73B3C0222}.Release|x86.Build.0 = Release|x86
		{EC6D545A-4D55-43E2-8046-B06E1832A355}.Debug|Any CPU.ActiveCfg = Debug|Any CPU
		{EC6D545A-4D55-43E2-8046-B06E1832A355}.Debug|Any CPU.Build.0 = Debug|Any CPU
		{EC6D545A-4D55-43E2-8046-B06E1832A355}.Debug|x86.ActiveCfg = Debug|Any CPU
		{EC6D545A-4D55-43E2-8046-B06E1832A355}.Debug|x86.Build.0 = Debug|Any CPU
		{EC6D545A-4D55-43E2-8046-B06E1832A355}.Release|Any CPU.ActiveCfg = Release|Any CPU
		{EC6D545A-4D55-43E2-8046-B06E1832A355}.Release|Any CPU.Build.0 = Release|Any CPU
		{EC6D545A-4D55-43E2-8046-B06E1832A355}.Release|x86.ActiveCfg = Release|Any CPU
		{EC6D545A-4D55-43E2-8046-B06E1832A355}.Release|x86.Build.0 = Release|Any CPU
	EndGlobalSection
	GlobalSection(SolutionProperties) = preSolution
		HideSolutionNode = FALSE
	EndGlobalSection
	GlobalSection(ExtensibilityGlobals) = postSolution
		SolutionGuid = {ACA15AAB-BAC7-4DCD-834A-5A973426F231}
	EndGlobalSection
EndGlobal
